{
  "name": "BER24_QHacks-Hachiko_FE",
  "lockfileVersion": 3,
  "requires": true,
  "packages": {
    "": {
      "dependencies": {
        "@webflow/webflow-cli": "^1.6.9"
      }
    },
    "node_modules/@webflow/webflow-cli": {
      "version": "1.6.9",
      "resolved": "https://registry.npmjs.org/@webflow/webflow-cli/-/webflow-cli-1.6.9.tgz",
      "integrity": "sha512-HOuR9vJNrBiM8JLnnOfUBPezaJf4GQA8YLzZ5FdQPDDNG8Varzj3xYGODv4LmzzyosZ7odj46ZvqseHIDAlRPw==",
      "dependencies": {
        "commander": "^10.0.0"
      },
      "bin": {
        "webflow": "dist/index.js"
      }
    },
    "node_modules/commander": {
      "version": "10.0.1",
      "resolved": "https://registry.npmjs.org/commander/-/commander-10.0.1.tgz",
      "integrity": "sha512-y4Mg2tXshplEbSGzx7amzPwKKOCGuoSRP/CjEdwwk0FOGlUbq6lKuoyDZTNZkmxHdJtp54hdfY/JUrdL7Xfdug==",
      "engines": {
        "node": ">=14"
      }
    }
  }
}
